
Microsoft Visual Studio Solution File, Format Version 12.00
# Visual Studio Version 16
VisualStudioVersion = 16.0.31515.178
MinimumVisualStudioVersion = 10.0.40219.1
Project("{FAE04EC0-301F-11D3-BF4B-00C04F79EFBC}") = "BitwiseTesting", "BitwiseTesting\BitwiseTesting.csproj", "{5E1C25A1-F477-48BC-A3BD-345525545DCD}"
EndProject
Global
	GlobalSection(SolutionConfigurationPlatforms) = preSolution
		Debug|Any CPU = Debug|Any CPU
		Release|Any CPU = Release|Any CPU
	EndGlobalSection
	GlobalSection(ProjectConfigurationPlatforms) = postSolution
		{5E1C25A1-F477-48BC-A3BD-345525545DCD}.Debug|Any CPU.ActiveCfg = Debug|Any CPU
		{5E1C25A1-F477-48BC-A3BD-345525545DCD}.Debug|Any CPU.Build.0 = Debug|Any CPU
		{5E1C25A1-F477-48BC-A3BD-345525545DCD}.Release|Any CPU.ActiveCfg = Release|Any CPU
		{5E1C25A1-F477-48BC-A3BD-345525545DCD}.Release|Any CPU.Build.0 = Release|Any CPU
	EndGlobalSection
	GlobalSection(SolutionProperties) = preSolution
		HideSolutionNode = FALSE
	EndGlobalSection
	GlobalSection(ExtensibilityGlobals) = postSolution
		SolutionGuid = {A481BA48-511E-402E-A3A9-0EEAD0BF87B9}
	EndGlobalSection
EndGlobal
